
Microsoft Visual Studio Solution File, Format Version 12.00
# Visual Studio Version 17
VisualStudioVersion = 17.14.36310.24 d17.14
MinimumVisualStudioVersion = 10.0.40219.1
Project("{FAE04EC0-301F-11D3-BF4B-00C04F79EFBC}") = "Console_Project", "Console_Project\Console_Project.csproj", "{69E30C54-B8D7-4E7E-8DDF-96D221E1BED8}"
EndProject
Global
	GlobalSection(SolutionConfigurationPlatforms) = preSolution
		Debug|Any CPU = Debug|Any CPU
		Release|Any CPU = Release|Any CPU
	EndGlobalSection
	GlobalSection(ProjectConfigurationPlatforms) = postSolution
		{69E30C54-B8D7-4E7E-8DDF-96D221E1BED8}.Debug|Any CPU.ActiveCfg = Debug|Any CPU
		{69E30C54-B8D7-4E7E-8DDF-96D221E1BED8}.Debug|Any CPU.Build.0 = Debug|Any CPU
		{69E30C54-B8D7-4E7E-8DDF-96D221E1BED8}.Release|Any CPU.ActiveCfg = Release|Any CPU
		{69E30C54-B8D7-4E7E-8DDF-96D221E1BED8}.Release|Any CPU.Build.0 = Release|Any CPU
	EndGlobalSection
	GlobalSection(SolutionProperties) = preSolution
		HideSolutionNode = FALSE
	EndGlobalSection
	GlobalSection(ExtensibilityGlobals) = postSolution
		SolutionGuid = {CECAB26D-29FA-47AB-BD1E-45B2B359698C}
	EndGlobalSection
EndGlobal
